github.com/awalterschulze/gographviz v2.0.3+incompatible h1:9sVEXJBJLwGX7EQVhLm2elIKCm7P2YHFC8v6096G09E=
github.com/awalterschulze/gographviz v2.0.3+incompatible/go.mod h1:GEV5wmg4YquNw7v1kkyoX9etIk8yVmXj+AkDHuuETHs=
github.com/cenkalti/hub v1.0.2 h1:Nqv9TNaA9boeO2wQFW8o87BY3zKthtnzXmWGmJqhAV8=
github.com/cenkalti/hub v1.0.2/go.mod h1:8LAFAZcCasb83vfxatMUnZHRoQcffho2ELpHb+kaTJU=
github.com/cenkalti/rpc2 v1.0.4 h1:MJWmm7mbt8r/ZkQS+qr/e2KMMrhMLPr/62CYZIHybdI=
github.com/cenkalti/rpc2 v1.0.4/go.mod h1:2yfU5b86vOr16+iY1jN3MvT6Kxc9Nf8j5iZWwUf7iaw=
github.com/jessevdk/go-flags v1.6.1 h1:Cvu5U8UGrLay1rZfv/zP7iLpSHGUZ/Ou68T0iX1bBK4=
github.com/jessevdk/go-flags v1.6.1/go.mod h1:Mk8T1hIAWpOiJiHa9rJASDK2UGWji0EuPGBnNLMooyc=
golang.org/x/sys v0.21.0 h1:rF+pYz3DAGSQAxAu1CbC7catZg4ebC4UIeIhKxBZvws=
golang.org/x/sys v0.21.0/go.mod h1:/VUhepiaJMQUp4+oa/7Zr1D23ma6VTLIYjOOTFZPUcA=
